
Microsoft Visual Studio Solution File, Format Version 12.00
# Visual Studio Version 16
VisualStudioVersion = 16.0.30104.148
MinimumVisualStudioVersion = 10.0.40219.1
Project("{FAE04EC0-301F-11D3-BF4B-00C04F79EFBC}") = "zadanie 1", "zadanie 1\zadanie 1.csproj", "{BD9DC6F3-0438-4F6F-8B79-A97EBC93574E}"
EndProject
Global
	GlobalSection(SolutionConfigurationPlatforms) = preSolution
		Debug|Any CPU = Debug|Any CPU
		Release|Any CPU = Release|Any CPU
	EndGlobalSection
	GlobalSection(ProjectConfigurationPlatforms) = postSolution
		{BD9DC6F3-0438-4F6F-8B79-A97EBC93574E}.Debug|Any CPU.ActiveCfg = Debug|Any CPU
		{BD9DC6F3-0438-4F6F-8B79-A97EBC93574E}.Debug|Any CPU.Build.0 = Debug|Any CPU
		{BD9DC6F3-0438-4F6F-8B79-A97EBC93574E}.Release|Any CPU.ActiveCfg = Release|Any CPU
		{BD9DC6F3-0438-4F6F-8B79-A97EBC93574E}.Release|Any CPU.Build.0 = Release|Any CPU
	EndGlobalSection
	GlobalSection(SolutionProperties) = preSolution
		HideSolutionNode = FALSE
	EndGlobalSection
	GlobalSection(ExtensibilityGlobals) = postSolution
		SolutionGuid = {A2FD0933-A89B-4AFE-A31F-223956FC0709}
	EndGlobalSection
EndGlobal
